
Microsoft Visual Studio Solution File, Format Version 12.00
# Visual Studio Version 17
VisualStudioVersion = 17.13.35825.156 d17.13
MinimumVisualStudioVersion = 10.0.40219.1
Project("{2150E333-8FDC-42A3-9474-1A3956D46DE8}") = "APIs", "APIs", "{02EA681E-C7D8-13C7-8484-4AC65E1B71E8}"
EndProject
Project("{2150E333-8FDC-42A3-9474-1A3956D46DE8}") = "Tests", "Tests", "{51077D5A-84B7-4531-9CB6-FACF87A73EBB}"
EndProject
Project("{FAE04EC0-301F-11D3-BF4B-00C04F79EFBC}") = "GreenSpace.Domain", "GreenSpace.Domain\GreenSpace.Domain.csproj", "{04993591-54CB-4878-ADC7-6C0FC168E6BE}"
EndProject
Project("{FAE04EC0-301F-11D3-BF4B-00C04F79EFBC}") = "GreenSpace.Infrastructure", "GreenSpace.Infrastructure\GreenSpace.Infrastructure.csproj", "{275A40E1-DDAD-4F0F-9056-EBC7B8C518EB}"
EndProject
Project("{FAE04EC0-301F-11D3-BF4B-00C04F79EFBC}") = "GreenSpace.Application", "GreenSpace.Application\GreenSpace.Application.csproj", "{FD7B8B63-47F9-48CD-8662-8B939119414C}"
EndProject
Project("{FAE04EC0-301F-11D3-BF4B-00C04F79EFBC}") = "GreenSpace.WebAPI", "GreenSpace.WebAPI\GreenSpace.WebAPI.csproj", "{F53065CA-8222-4567-8F6C-80051B317378}"
EndProject
Global
	GlobalSection(SolutionConfigurationPlatforms) = preSolution
		Debug|Any CPU = Debug|Any CPU
		Release|Any CPU = Release|Any CPU
	EndGlobalSection
	GlobalSection(ProjectConfigurationPlatforms) = postSolution
		{04993591-54CB-4878-ADC7-6C0FC168E6BE}.Debug|Any CPU.ActiveCfg = Debug|Any CPU
		{04993591-54CB-4878-ADC7-6C0FC168E6BE}.Debug|Any CPU.Build.0 = Debug|Any CPU
		{04993591-54CB-4878-ADC7-6C0FC168E6BE}.Release|Any CPU.ActiveCfg = Release|Any CPU
		{04993591-54CB-4878-ADC7-6C0FC168E6BE}.Release|Any CPU.Build.0 = Release|Any CPU
		{275A40E1-DDAD-4F0F-9056-EBC7B8C518EB}.Debug|Any CPU.ActiveCfg = Debug|Any CPU
		{275A40E1-DDAD-4F0F-9056-EBC7B8C518EB}.Debug|Any CPU.Build.0 = Debug|Any CPU
		{275A40E1-DDAD-4F0F-9056-EBC7B8C518EB}.Release|Any CPU.ActiveCfg = Release|Any CPU
		{275A40E1-DDAD-4F0F-9056-EBC7B8C518EB}.Release|Any CPU.Build.0 = Release|Any CPU
		{FD7B8B63-47F9-48CD-8662-8B939119414C}.Debug|Any CPU.ActiveCfg = Debug|Any CPU
		{FD7B8B63-47F9-48CD-8662-8B939119414C}.Debug|Any CPU.Build.0 = Debug|Any CPU
		{FD7B8B63-47F9-48CD-8662-8B939119414C}.Release|Any CPU.ActiveCfg = Release|Any CPU
		{FD7B8B63-47F9-48CD-8662-8B939119414C}.Release|Any CPU.Build.0 = Release|Any CPU
		{F53065CA-8222-4567-8F6C-80051B317378}.Debug|Any CPU.ActiveCfg = Debug|Any CPU
		{F53065CA-8222-4567-8F6C-80051B317378}.Debug|Any CPU.Build.0 = Debug|Any CPU
		{F53065CA-8222-4567-8F6C-80051B317378}.Release|Any CPU.ActiveCfg = Release|Any CPU
		{F53065CA-8222-4567-8F6C-80051B317378}.Release|Any CPU.Build.0 = Release|Any CPU
	EndGlobalSection
	GlobalSection(SolutionProperties) = preSolution
		HideSolutionNode = FALSE
	EndGlobalSection
	GlobalSection(NestedProjects) = preSolution
		{04993591-54CB-4878-ADC7-6C0FC168E6BE} = {02EA681E-C7D8-13C7-8484-4AC65E1B71E8}
		{275A40E1-DDAD-4F0F-9056-EBC7B8C518EB} = {02EA681E-C7D8-13C7-8484-4AC65E1B71E8}
		{FD7B8B63-47F9-48CD-8662-8B939119414C} = {02EA681E-C7D8-13C7-8484-4AC65E1B71E8}
		{F53065CA-8222-4567-8F6C-80051B317378} = {02EA681E-C7D8-13C7-8484-4AC65E1B71E8}
	EndGlobalSection
	GlobalSection(ExtensibilityGlobals) = postSolution
		SolutionGuid = {08CADC65-8FE1-4232-9E05-3EC64DFCE490}
	EndGlobalSection
EndGlobal
